
Microsoft Visual Studio Solution File, Format Version 12.00
Project("{2150E333-8FDC-42A3-9474-1A3956D46DE8}") = "exercicio_1", "exercicio_1", "{6FFDB0A7-A8C9-4380-B6C6-E4768018E523}"
EndProject
Project("{FAE04EC0-301F-11D3-BF4B-00C04F79EFBC}") = "DiscountCalculator", "DiscountCalculator\DiscountCalculator.csproj", "{ED853B40-2F79-411D-92D3-EF8590748960}"
EndProject
Project("{2150E333-8FDC-42A3-9474-1A3956D46DE8}") = "exercicio_2", "exercicio_2", "{3233BAEA-ACA0-4C8D-A862-C454AD1B7A03}"
EndProject
Project("{FAE04EC0-301F-11D3-BF4B-00C04F79EFBC}") = "Exercicio_2", "Exercicio_2\Exercicio_2.csproj", "{2B6AE9B2-EE67-4224-89C7-62F594C4A71F}"
EndProject
Project("{2150E333-8FDC-42A3-9474-1A3956D46DE8}") = "exercicio_3", "exercicio_3", "{76F381DA-2A2A-4552-8F07-CFFD43517A92}"
EndProject
Project("{FAE04EC0-301F-11D3-BF4B-00C04F79EFBC}") = "Exercicio_3", "Exercicio_3\Exercicio_3.csproj", "{9D9F6FC1-5D7E-4995-84A7-9EEF706A0E82}"
EndProject
Project("{2150E333-8FDC-42A3-9474-1A3956D46DE8}") = "exercicio_4", "exercicio_4", "{B127902B-83AA-443B-9697-CE73264B9168}"
EndProject
Project("{FAE04EC0-301F-11D3-BF4B-00C04F79EFBC}") = "Exercicio_4", "Exercicio_4\Exercicio_4.csproj", "{85062DDD-679D-450C-849E-F50130CD2195}"
EndProject
Project("{2150E333-8FDC-42A3-9474-1A3956D46DE8}") = "exercicio_5", "exercicio_5", "{5B216A09-E767-49F9-8028-121AB96529A4}"
EndProject
Project("{FAE04EC0-301F-11D3-BF4B-00C04F79EFBC}") = "Exercicio_5", "Exercicio_5\Exercicio_5.csproj", "{417F5F0A-09C0-46B7-93E3-697165CBB470}"
EndProject
Project("{2150E333-8FDC-42A3-9474-1A3956D46DE8}") = "exercicio_6", "exercicio_6", "{0A18F0BB-676A-449B-8824-C273FD02011C}"
EndProject
Project("{FAE04EC0-301F-11D3-BF4B-00C04F79EFBC}") = "Exercicio_6", "Exercicio_6\Exercicio_6.csproj", "{34AE1E12-35CA-4F98-89B9-F54A4F601461}"
EndProject
Project("{2150E333-8FDC-42A3-9474-1A3956D46DE8}") = "exercicio_7", "exercicio_7", "{2D00C459-6462-47BA-9004-F7F9AB8921FF}"
EndProject
Project("{FAE04EC0-301F-11D3-BF4B-00C04F79EFBC}") = "Exercicio_7", "Exercicio_7\Exercicio_7.csproj", "{3C2E5801-2C1D-45D3-800A-F8B0A6FC86CF}"
EndProject
Project("{2150E333-8FDC-42A3-9474-1A3956D46DE8}") = "exercicio_8", "exercicio_8", "{551E2E4B-87E9-4726-B545-481FB5BE022E}"
EndProject
Project("{FAE04EC0-301F-11D3-BF4B-00C04F79EFBC}") = "Exercicio_8", "Exercicio_8\Exercicio_8.csproj", "{5CC8A73A-3984-4533-A8D0-23C0B04F70E6}"
EndProject
Project("{2150E333-8FDC-42A3-9474-1A3956D46DE8}") = "exercicio_10", "exercicio_10", "{A6D926D8-034F-4042-9E08-18D4883BE1FE}"
EndProject
Project("{FAE04EC0-301F-11D3-BF4B-00C04F79EFBC}") = "Exercicio_10", "Exercicio_10\Exercicio_10.csproj", "{2C1CC55A-5B25-4F52-8E64-CC447E3066CB}"
EndProject
Global
	GlobalSection(SolutionConfigurationPlatforms) = preSolution
		Debug|Any CPU = Debug|Any CPU
		Release|Any CPU = Release|Any CPU
	EndGlobalSection
	GlobalSection(NestedProjects) = preSolution
		{ED853B40-2F79-411D-92D3-EF8590748960} = {6FFDB0A7-A8C9-4380-B6C6-E4768018E523}
		{2B6AE9B2-EE67-4224-89C7-62F594C4A71F} = {3233BAEA-ACA0-4C8D-A862-C454AD1B7A03}
		{9D9F6FC1-5D7E-4995-84A7-9EEF706A0E82} = {76F381DA-2A2A-4552-8F07-CFFD43517A92}
		{85062DDD-679D-450C-849E-F50130CD2195} = {B127902B-83AA-443B-9697-CE73264B9168}
		{417F5F0A-09C0-46B7-93E3-697165CBB470} = {5B216A09-E767-49F9-8028-121AB96529A4}
		{34AE1E12-35CA-4F98-89B9-F54A4F601461} = {0A18F0BB-676A-449B-8824-C273FD02011C}
		{3C2E5801-2C1D-45D3-800A-F8B0A6FC86CF} = {2D00C459-6462-47BA-9004-F7F9AB8921FF}
		{5CC8A73A-3984-4533-A8D0-23C0B04F70E6} = {551E2E4B-87E9-4726-B545-481FB5BE022E}
		{2C1CC55A-5B25-4F52-8E64-CC447E3066CB} = {A6D926D8-034F-4042-9E08-18D4883BE1FE}
	EndGlobalSection
	GlobalSection(ProjectConfigurationPlatforms) = postSolution
		{ED853B40-2F79-411D-92D3-EF8590748960}.Debug|Any CPU.ActiveCfg = Debug|Any CPU
		{ED853B40-2F79-411D-92D3-EF8590748960}.Debug|Any CPU.Build.0 = Debug|Any CPU
		{ED853B40-2F79-411D-92D3-EF8590748960}.Release|Any CPU.ActiveCfg = Release|Any CPU
		{ED853B40-2F79-411D-92D3-EF8590748960}.Release|Any CPU.Build.0 = Release|Any CPU
		{2B6AE9B2-EE67-4224-89C7-62F594C4A71F}.Debug|Any CPU.ActiveCfg = Debug|Any CPU
		{2B6AE9B2-EE67-4224-89C7-62F594C4A71F}.Debug|Any CPU.Build.0 = Debug|Any CPU
		{2B6AE9B2-EE67-4224-89C7-62F594C4A71F}.Release|Any CPU.ActiveCfg = Release|Any CPU
		{2B6AE9B2-EE67-4224-89C7-62F594C4A71F}.Release|Any CPU.Build.0 = Release|Any CPU
		{9D9F6FC1-5D7E-4995-84A7-9EEF706A0E82}.Debug|Any CPU.ActiveCfg = Debug|Any CPU
		{9D9F6FC1-5D7E-4995-84A7-9EEF706A0E82}.Debug|Any CPU.Build.0 = Debug|Any CPU
		{9D9F6FC1-5D7E-4995-84A7-9EEF706A0E82}.Release|Any CPU.ActiveCfg = Release|Any CPU
		{9D9F6FC1-5D7E-4995-84A7-9EEF706A0E82}.Release|Any CPU.Build.0 = Release|Any CPU
		{85062DDD-679D-450C-849E-F50130CD2195}.Debug|Any CPU.ActiveCfg = Debug|Any CPU
		{85062DDD-679D-450C-849E-F50130CD2195}.Debug|Any CPU.Build.0 = Debug|Any CPU
		{85062DDD-679D-450C-849E-F50130CD2195}.Release|Any CPU.ActiveCfg = Release|Any CPU
		{85062DDD-679D-450C-849E-F50130CD2195}.Release|Any CPU.Build.0 = Release|Any CPU
		{417F5F0A-09C0-46B7-93E3-697165CBB470}.Debug|Any CPU.ActiveCfg = Debug|Any CPU
		{417F5F0A-09C0-46B7-93E3-697165CBB470}.Debug|Any CPU.Build.0 = Debug|Any CPU
		{417F5F0A-09C0-46B7-93E3-697165CBB470}.Release|Any CPU.ActiveCfg = Release|Any CPU
		{417F5F0A-09C0-46B7-93E3-697165CBB470}.Release|Any CPU.Build.0 = Release|Any CPU
		{34AE1E12-35CA-4F98-89B9-F54A4F601461}.Debug|Any CPU.ActiveCfg = Debug|Any CPU
		{34AE1E12-35CA-4F98-89B9-F54A4F601461}.Debug|Any CPU.Build.0 = Debug|Any CPU
		{34AE1E12-35CA-4F98-89B9-F54A4F601461}.Release|Any CPU.ActiveCfg = Release|Any CPU
		{34AE1E12-35CA-4F98-89B9-F54A4F601461}.Release|Any CPU.Build.0 = Release|Any CPU
		{3C2E5801-2C1D-45D3-800A-F8B0A6FC86CF}.Debug|Any CPU.ActiveCfg = Debug|Any CPU
		{3C2E5801-2C1D-45D3-800A-F8B0A6FC86CF}.Debug|Any CPU.Build.0 = Debug|Any CPU
		{3C2E5801-2C1D-45D3-800A-F8B0A6FC86CF}.Release|Any CPU.ActiveCfg = Release|Any CPU
		{3C2E5801-2C1D-45D3-800A-F8B0A6FC86CF}.Release|Any CPU.Build.0 = Release|Any CPU
		{5CC8A73A-3984-4533-A8D0-23C0B04F70E6}.Debug|Any CPU.ActiveCfg = Debug|Any CPU
		{5CC8A73A-3984-4533-A8D0-23C0B04F70E6}.Debug|Any CPU.Build.0 = Debug|Any CPU
		{5CC8A73A-3984-4533-A8D0-23C0B04F70E6}.Release|Any CPU.ActiveCfg = Release|Any CPU
		{5CC8A73A-3984-4533-A8D0-23C0B04F70E6}.Release|Any CPU.Build.0 = Release|Any CPU
		{2C1CC55A-5B25-4F52-8E64-CC447E3066CB}.Debug|Any CPU.ActiveCfg = Debug|Any CPU
		{2C1CC55A-5B25-4F52-8E64-CC447E3066CB}.Debug|Any CPU.Build.0 = Debug|Any CPU
		{2C1CC55A-5B25-4F52-8E64-CC447E3066CB}.Release|Any CPU.ActiveCfg = Release|Any CPU
		{2C1CC55A-5B25-4F52-8E64-CC447E3066CB}.Release|Any CPU.Build.0 = Release|Any CPU
	EndGlobalSection
EndGlobal
